
Microsoft Visual Studio Solution File, Format Version 12.00
# Visual Studio 14
VisualStudioVersion = 14.0.25420.1
MinimumVisualStudioVersion = 10.0.40219.1
Project("{FAE04EC0-301F-11D3-BF4B-00C04F79EFBC}") = "COMPARE", "COMPARE\COMPARE.csproj", "{58E0B8AF-3979-4EE4-A65F-3C1796BAE1F8}"
EndProject
Project("{FAE04EC0-301F-11D3-BF4B-00C04F79EFBC}") = "BetList", "BetList\BetList.csproj", "{82ADC7E9-F1FE-452C-9743-34D3EE30A707}"
EndProject
Global
	GlobalSection(SolutionConfigurationPlatforms) = preSolution
		Debug|Any CPU = Debug|Any CPU
		Release|Any CPU = Release|Any CPU
	EndGlobalSection
	GlobalSection(ProjectConfigurationPlatforms) = postSolution
		{58E0B8AF-3979-4EE4-A65F-3C1796BAE1F8}.Debug|Any CPU.ActiveCfg = Debug|Any CPU
		{58E0B8AF-3979-4EE4-A65F-3C1796BAE1F8}.Debug|Any CPU.Build.0 = Debug|Any CPU
		{58E0B8AF-3979-4EE4-A65F-3C1796BAE1F8}.Release|Any CPU.ActiveCfg = Release|Any CPU
		{58E0B8AF-3979-4EE4-A65F-3C1796BAE1F8}.Release|Any CPU.Build.0 = Release|Any CPU
		{82ADC7E9-F1FE-452C-9743-34D3EE30A707}.Debug|Any CPU.ActiveCfg = Debug|Any CPU
		{82ADC7E9-F1FE-452C-9743-34D3EE30A707}.Debug|Any CPU.Build.0 = Debug|Any CPU
		{82ADC7E9-F1FE-452C-9743-34D3EE30A707}.Release|Any CPU.ActiveCfg = Release|Any CPU
		{82ADC7E9-F1FE-452C-9743-34D3EE30A707}.Release|Any CPU.Build.0 = Release|Any CPU
	EndGlobalSection
	GlobalSection(SolutionProperties) = preSolution
		HideSolutionNode = FALSE
	EndGlobalSection
EndGlobal
